
Microsoft Visual Studio Solution File, Format Version 12.00
# Visual Studio Version 16
VisualStudioVersion = 16.0.31605.320
MinimumVisualStudioVersion = 10.0.40219.1
Project("{FAE04EC0-301F-11D3-BF4B-00C04F79EFBC}") = "Sistema_Locadora_Filmes", "Sistema_Locadora_Filmes\Sistema_Locadora_Filmes.csproj", "{804CB262-4586-4796-B8CD-2C602BAE709C}"
EndProject
Global
	GlobalSection(SolutionConfigurationPlatforms) = preSolution
		Debug|Any CPU = Debug|Any CPU
		Release|Any CPU = Release|Any CPU
	EndGlobalSection
	GlobalSection(ProjectConfigurationPlatforms) = postSolution
		{804CB262-4586-4796-B8CD-2C602BAE709C}.Debug|Any CPU.ActiveCfg = Debug|Any CPU
		{804CB262-4586-4796-B8CD-2C602BAE709C}.Debug|Any CPU.Build.0 = Debug|Any CPU
		{804CB262-4586-4796-B8CD-2C602BAE709C}.Release|Any CPU.ActiveCfg = Release|Any CPU
		{804CB262-4586-4796-B8CD-2C602BAE709C}.Release|Any CPU.Build.0 = Release|Any CPU
	EndGlobalSection
	GlobalSection(SolutionProperties) = preSolution
		HideSolutionNode = FALSE
	EndGlobalSection
	GlobalSection(ExtensibilityGlobals) = postSolution
		SolutionGuid = {E59EA4B1-391D-4C50-8A38-F456FB1C36A9}
	EndGlobalSection
EndGlobal
