
Microsoft Visual Studio Solution File, Format Version 12.00
# Visual Studio Version 16
VisualStudioVersion = 16.0.31605.320
MinimumVisualStudioVersion = 10.0.40219.1
Project("{FAE04EC0-301F-11D3-BF4B-00C04F79EFBC}") = "1-Conectando_Biblioteca", "1-Conectando_Biblioteca\1-Conectando_Biblioteca.csproj", "{06D1CC04-13FE-4F88-B959-410298BFE599}"
EndProject
Project("{FAE04EC0-301F-11D3-BF4B-00C04F79EFBC}") = "Modelos", "Modelos\Modelos.csproj", "{1E54E4DF-EF02-4C9D-BCBA-7D472C2B79CB}"
EndProject
Global
	GlobalSection(SolutionConfigurationPlatforms) = preSolution
		Debug|Any CPU = Debug|Any CPU
		Release|Any CPU = Release|Any CPU
	EndGlobalSection
	GlobalSection(ProjectConfigurationPlatforms) = postSolution
		{06D1CC04-13FE-4F88-B959-410298BFE599}.Debug|Any CPU.ActiveCfg = Debug|Any CPU
		{06D1CC04-13FE-4F88-B959-410298BFE599}.Debug|Any CPU.Build.0 = Debug|Any CPU
		{06D1CC04-13FE-4F88-B959-410298BFE599}.Release|Any CPU.ActiveCfg = Release|Any CPU
		{06D1CC04-13FE-4F88-B959-410298BFE599}.Release|Any CPU.Build.0 = Release|Any CPU
		{1E54E4DF-EF02-4C9D-BCBA-7D472C2B79CB}.Debug|Any CPU.ActiveCfg = Debug|Any CPU
		{1E54E4DF-EF02-4C9D-BCBA-7D472C2B79CB}.Debug|Any CPU.Build.0 = Debug|Any CPU
		{1E54E4DF-EF02-4C9D-BCBA-7D472C2B79CB}.Release|Any CPU.ActiveCfg = Release|Any CPU
		{1E54E4DF-EF02-4C9D-BCBA-7D472C2B79CB}.Release|Any CPU.Build.0 = Release|Any CPU
	EndGlobalSection
	GlobalSection(SolutionProperties) = preSolution
		HideSolutionNode = FALSE
	EndGlobalSection
	GlobalSection(ExtensibilityGlobals) = postSolution
		SolutionGuid = {587ED23B-BA09-407E-8003-FDD011F89908}
	EndGlobalSection
EndGlobal
